
Microsoft Visual Studio Solution File, Format Version 12.00
# Visual Studio Version 17
VisualStudioVersion = 17.14.36221.1
MinimumVisualStudioVersion = 10.0.40219.1
Project("{FAE04EC0-301F-11D3-BF4B-00C04F79EFBC}") = "My-CV-3", "My-CV-3\My-CV-3.csproj", "{5712802A-7181-4641-BDB1-89ECADC75C2A}"
EndProject
Global
	GlobalSection(SolutionConfigurationPlatforms) = preSolution
		Debug|Any CPU = Debug|Any CPU
		Release|Any CPU = Release|Any CPU
	EndGlobalSection
	GlobalSection(ProjectConfigurationPlatforms) = postSolution
		{5712802A-7181-4641-BDB1-89ECADC75C2A}.Debug|Any CPU.ActiveCfg = Debug|Any CPU
		{5712802A-7181-4641-BDB1-89ECADC75C2A}.Debug|Any CPU.Build.0 = Debug|Any CPU
		{5712802A-7181-4641-BDB1-89ECADC75C2A}.Release|Any CPU.ActiveCfg = Release|Any CPU
		{5712802A-7181-4641-BDB1-89ECADC75C2A}.Release|Any CPU.Build.0 = Release|Any CPU
	EndGlobalSection
	GlobalSection(SolutionProperties) = preSolution
		HideSolutionNode = FALSE
	EndGlobalSection
	GlobalSection(ExtensibilityGlobals) = postSolution
		SolutionGuid = {1413B862-853B-41F5-9A4E-1BF067549143}
	EndGlobalSection
EndGlobal
